PODS:
  - Alamofire (4.9.1)
  - DeviceKit (4.5.0)
  - Gloss (3.2.1)
  - Kingfisher (4.10.1)
  - Moya (13.0.1):
    - Moya/Core (= 13.0.1)
  - Moya/Core (13.0.1):
    - Alamofire (~> 4.1)
    - Result (~> 4.1)
  - NVActivityIndicatorView (5.1.1):
    - NVActivityIndicatorView/Base (= 5.1.1)
  - NVActivityIndicatorView/Base (5.1.1)
  - Result (4.1.0)
  - RxCocoa (5.1.3):
    - RxRelay (~> 5)
    - RxSwift (~> 5)
  - RxRelay (5.1.3):
    - RxSwift (~> 5)
  - RxSwift (5.1.3)
  - SnapKit (4.2.0)

DEPENDENCIES:
  - DeviceKit
  - Gloss
  - Kingfisher
  - Moya
  - NVActivityIndicatorView
  - RxCocoa (~> 5)
  - RxSwift (~> 5)
  - SnapKit

SPEC REPOS:
  trunk:
    - Alamofire
    - DeviceKit
    - Gloss
    - Kingfisher
    - Moya
    - NVActivityIndicatorView
    - Result
    - RxCocoa
    - RxRelay
    - RxSwift
    - SnapKit

SPEC CHECKSUMS:
  Alamofire: 85e8a02c69d6020a0d734f6054870d7ecb75cf18
  DeviceKit: b68cded46afdaefc5d2253d631d441ba7049a7fe
  Gloss: 2cda64dd31f12d8c7905273c7883c63ee92bfee3
  Kingfisher: c148cd7b47ebde9989f6bc7c27dcaa79d81279a0
  Moya: f4a4b80ff2f8a4ffc208dfb31cd91636622fee6e
  NVActivityIndicatorView: 1f6c5687f1171810aa27a3296814dc2d7dec3667
  Result: bd966fac789cc6c1563440b348ab2598cc24d5c7
  RxCocoa: e2ed092d5432e4296aa818021d27de4090ac0354
  RxRelay: 5a18c2eb2d68326ebaf0112f80d837ae41b92b97
  RxSwift: 915abbdfb62214aa89ccd0b194d44fb478019b27
  SnapKit: fe8a619752f3f27075cc9a90244d75c6c3f27e2a

PODFILE CHECKSUM: 96edec65d63ff5bff9031338ff2756657614861e

COCOAPODS: 1.10.1
